// !$*UTF8*$!
{
	archiveVersion = 1;
	classes = {
	};
	objectVersion = 56;
	objects = {

/* Begin PBXBuildFile section */
		6915A163292F150E0065B7C0 /* AppDelegate.swift in Sources */ = {isa = PBXBuildFile; fileRef = 6915A162292F150E0065B7C0 /* AppDelegate.swift */; };
		6915A165292F150E0065B7C0 /* SceneDelegate.swift in Sources */ = {isa = PBXBuildFile; fileRef = 6915A164292F150E0065B7C0 /* SceneDelegate.swift */; };
		6915A167292F150E0065B7C0 /* ViewController.swift in Sources */ = {isa = PBXBuildFile; fileRef = 6915A166292F150E0065B7C0 /* ViewController.swift */; };
		6915A16A292F150E0065B7C0 /* Main.storyboard in Resources */ = {isa = PBXBuildFile; fileRef = 6915A168292F150E0065B7C0 /* Main.storyboard */; };
		6915A16C292F150F0065B7C0 /* Assets.xcassets in Resources */ = {isa = PBXBuildFile; fileRef = 6915A16B292F150F0065B7C0 /* Assets.xcassets */; };
		6915A16F292F150F0065B7C0 /* LaunchScreen.storyboard in Resources */ = {isa = PBXBuildFile; fileRef = 6915A16D292F150F0065B7C0 /* LaunchScreen.storyboard */; };
		6915A184292F150F0065B7C0 /* TDDBasicsUITests.swift in Sources */ = {isa = PBXBuildFile; fileRef = 6915A183292F150F0065B7C0 /* TDDBasicsUITests.swift */; };
		6915A186292F150F0065B7C0 /* TDDBasicsUITestsLaunchTests.swift in Sources */ = {isa = PBXBuildFile; fileRef = 6915A185292F150F0065B7C0 /* TDDBasicsUITestsLaunchTests.swift */; };
		6915A193292F2CF40065B7C0 /* PersonTests.swift in Sources */ = {isa = PBXBuildFile; fileRef = 6915A192292F2CF40065B7C0 /* PersonTests.swift */; };
		6915A196292F31480065B7C0 /* Person.swift in Sources */ = {isa = PBXBuildFile; fileRef = 6915A195292F31480065B7C0 /* Person.swift */; };
		6915A198293064640065B7C0 /* Calculator.swift in Sources */ = {isa = PBXBuildFile; fileRef = 6915A197293064640065B7C0 /* Calculator.swift */; };
		6915A19A2930647B0065B7C0 /* CalculatorTest.swift in Sources */ = {isa = PBXBuildFile; fileRef = 6915A1992930647B0065B7C0 /* CalculatorTest.swift */; };
		69F58BA62934831500E3314D /* ExampleModelTest.swift in Sources */ = {isa = PBXBuildFile; fileRef = 69F58BA52934831500E3314D /* ExampleModelTest.swift */; };
		69F58BA82934A09800E3314D /* ExampleModel.swift in Sources */ = {isa = PBXBuildFile; fileRef = 69F58BA72934A09800E3314D /* ExampleModel.swift */; };
/* End PBXBuildFile section */

/* Begin PBXContainerItemProxy section */
		6915A176292F150F0065B7C0 /* PBXContainerItemProxy */ = {
			isa = PBXContainerItemProxy;
			containerPortal = 6915A157292F150E0065B7C0 /* Project object */;
			proxyType = 1;
			remoteGlobalIDString = 6915A15E292F150E0065B7C0;
			remoteInfo = TDDBasics;
		};
		6915A180292F150F0065B7C0 /* PBXContainerItemProxy */ = {
			isa = PBXContainerItemProxy;
			containerPortal = 6915A157292F150E0065B7C0 /* Project object */;
			proxyType = 1;
			remoteGlobalIDString = 6915A15E292F150E0065B7C0;
			remoteInfo = TDDBasics;
		};
/* End PBXContainerItemProxy section */

/* Begin PBXFileReference section */
		6915A15F292F150E0065B7C0 /* TDDBasics.app */ = {isa = PBXFileReference; explicitFileType = wrapper.application; includeInIndex = 0; path = TDDBasics.app; sourceTree = BUILT_PRODUCTS_DIR; };
		6915A162292F150E0065B7C0 /* AppDelegate.swift */ = {isa = PBXFileReference; lastKnownFileType = sourcecode.swift; path = AppDelegate.swift; sourceTree = "<group>"; };
		6915A164292F150E0065B7C0 /* SceneDelegate.swift */ = {isa = PBXFileReference; lastKnownFileType = sourcecode.swift; path = SceneDelegate.swift; sourceTree = "<group>"; };
		6915A166292F150E0065B7C0 /* ViewController.swift */ = {isa = PBXFileReference; lastKnownFileType = sourcecode.swift; path = ViewController.swift; sourceTree = "<group>"; };
		6915A169292F150E0065B7C0 /* Base */ = {isa = PBXFileReference; lastKnownFileType = file.storyboard; name = Base; path = Base.lproj/Main.storyboard; sourceTree = "<group>"; };
		6915A16B292F150F0065B7C0 /* Assets.xcassets */ = {isa = PBXFileReference; lastKnownFileType = folder.assetcatalog; path = Assets.xcassets; sourceTree = "<group>"; };
		6915A16E292F150F0065B7C0 /* Base */ = {isa = PBXFileReference; lastKnownFileType = file.storyboard; name = Base; path = Base.lproj/LaunchScreen.storyboard; sourceTree = "<group>"; };
		6915A170292F150F0065B7C0 /* Info.plist */ = {isa = PBXFileReference; lastKnownFileType = text.plist.xml; path = Info.plist; sourceTree = "<group>"; };
		6915A175292F150F0065B7C0 /* TDDBasicsTests.xctest */ = {isa = PBXFileReference; explicitFileType = wrapper.cfbundle; includeInIndex = 0; path = TDDBasicsTests.xctest; sourceTree = BUILT_PRODUCTS_DIR; };
		6915A17F292F150F0065B7C0 /* TDDBasicsUITests.xctest */ = {isa = PBXFileReference; explicitFileType = wrapper.cfbundle; includeInIndex = 0; path = TDDBasicsUITests.xctest; sourceTree = BUILT_PRODUCTS_DIR; };
		6915A183292F150F0065B7C0 /* TDDBasicsUITests.swift */ = {isa = PBXFileReference; lastKnownFileType = sourcecode.swift; path = TDDBasicsUITests.swift; sourceTree = "<group>"; };
		6915A185292F150F0065B7C0 /* TDDBasicsUITestsLaunchTests.swift */ = {isa = PBXFileReference; lastKnownFileType = sourcecode.swift; path = TDDBasicsUITestsLaunchTests.swift; sourceTree = "<group>"; };
		6915A192292F2CF40065B7C0 /* PersonTests.swift */ = {isa = PBXFileReference; lastKnownFileType = sourcecode.swift; path = PersonTests.swift; sourceTree = "<group>"; };
		6915A195292F31480065B7C0 /* Person.swift */ = {isa = PBXFileReference; lastKnownFileType = sourcecode.swift; path = Person.swift; sourceTree = "<group>"; };
		6915A197293064640065B7C0 /* Calculator.swift */ = {isa = PBXFileReference; lastKnownFileType = sourcecode.swift; path = Calculator.swift; sourceTree = "<group>"; };
		6915A1992930647B0065B7C0 /* CalculatorTest.swift */ = {isa = PBXFileReference; lastKnownFileType = sourcecode.swift; path = CalculatorTest.swift; sourceTree = "<group>"; };
		69F58BA52934831500E3314D /* ExampleModelTest.swift */ = {isa = PBXFileReference; lastKnownFileType = sourcecode.swift; path = ExampleModelTest.swift; sourceTree = "<group>"; };
		69F58BA72934A09800E3314D /* ExampleModel.swift */ = {isa = PBXFileReference; lastKnownFileType = sourcecode.swift; path = ExampleModel.swift; sourceTree = "<group>"; };
/* End PBXFileReference section */

/* Begin PBXFrameworksBuildPhase section */
		6915A15C292F150E0065B7C0 /* Frameworks */ = {
			isa = PBXFrameworksBuildPhase;
			buildActionMask = 2147483647;
			files = (
			);
			runOnlyForDeploymentPostprocessing = 0;
		};
		6915A172292F150F0065B7C0 /* Frameworks */ = {
			isa = PBXFrameworksBuildPhase;
			buildActionMask = 2147483647;
			files = (
			);
			runOnlyForDeploymentPostprocessing = 0;
		};
		6915A17C292F150F0065B7C0 /* Frameworks */ = {
			isa = PBXFrameworksBuildPhase;
			buildActionMask = 2147483647;
			files = (
			);
			runOnlyForDeploymentPostprocessing = 0;
		};
/* End PBXFrameworksBuildPhase section */

/* Begin PBXGroup section */
		6915A156292F150E0065B7C0 = {
			isa = PBXGroup;
			children = (
				6915A161292F150E0065B7C0 /* TDDBasics */,
				6915A178292F150F0065B7C0 /* TDDBasicsTests */,
				6915A182292F150F0065B7C0 /* TDDBasicsUITests */,
				6915A160292F150E0065B7C0 /* Products */,
			);
			sourceTree = "<group>";
		};
		6915A160292F150E0065B7C0 /* Products */ = {
			isa = PBXGroup;
			children = (
				6915A15F292F150E0065B7C0 /* TDDBasics.app */,
				6915A175292F150F0065B7C0 /* TDDBasicsTests.xctest */,
				6915A17F292F150F0065B7C0 /* TDDBasicsUITests.xctest */,
			);
			name = Products;
			sourceTree = "<group>";
		};
		6915A161292F150E0065B7C0 /* TDDBasics */ = {
			isa = PBXGroup;
			children = (
				6915A162292F150E0065B7C0 /* AppDelegate.swift */,
				6915A164292F150E0065B7C0 /* SceneDelegate.swift */,
				6915A166292F150E0065B7C0 /* ViewController.swift */,
				6915A168292F150E0065B7C0 /* Main.storyboard */,
				6915A16B292F150F0065B7C0 /* Assets.xcassets */,
				6915A16D292F150F0065B7C0 /* LaunchScreen.storyboard */,
				6915A170292F150F0065B7C0 /* Info.plist */,
				6915A195292F31480065B7C0 /* Person.swift */,
				6915A197293064640065B7C0 /* Calculator.swift */,
				69F58BA72934A09800E3314D /* ExampleModel.swift */,
			);
			path = TDDBasics;
			sourceTree = "<group>";
		};
		6915A178292F150F0065B7C0 /* TDDBasicsTests */ = {
			isa = PBXGroup;
			children = (
				6915A192292F2CF40065B7C0 /* PersonTests.swift */,
				6915A1992930647B0065B7C0 /* CalculatorTest.swift */,
				69F58BA52934831500E3314D /* ExampleModelTest.swift */,
			);
			path = TDDBasicsTests;
			sourceTree = "<group>";
		};
		6915A182292F150F0065B7C0 /* TDDBasicsUITests */ = {
			isa = PBXGroup;
			children = (
				6915A183292F150F0065B7C0 /* TDDBasicsUITests.swift */,
				6915A185292F150F0065B7C0 /* TDDBasicsUITestsLaunchTests.swift */,
			);
			path = TDDBasicsUITests;
			sourceTree = "<group>";
		};
/* End PBXGroup section */

/* Begin PBXNativeTarget section */
		6915A15E292F150E0065B7C0 /* TDDBasics */ = {
			isa = PBXNativeTarget;
			buildConfigurationList = 6915A189292F150F0065B7C0 /* Build configuration list for PBXNativeTarget "TDDBasics" */;
			buildPhases = (
				6915A15B292F150E0065B7C0 /* Sources */,
				6915A15C292F150E0065B7C0 /* Frameworks */,
				6915A15D292F150E0065B7C0 /* Resources */,
			);
			buildRules = (
			);
			dependencies = (
			);
			name = TDDBasics;
			productName = TDDBasics;
			productReference = 6915A15F292F150E0065B7C0 /* TDDBasics.app */;
			productType = "com.apple.product-type.application";
		};
		6915A174292F150F0065B7C0 /* TDDBasicsTests */ = {
			isa = PBXNativeTarget;
			buildConfigurationList = 6915A18C292F150F0065B7C0 /* Build configuration list for PBXNativeTarget "TDDBasicsTests" */;
			buildPhases = (
				6915A171292F150F0065B7C0 /* Sources */,
				6915A172292F150F0065B7C0 /* Frameworks */,
				6915A173292F150F0065B7C0 /* Resources */,
			);
			buildRules = (
			);
			dependencies = (
				6915A177292F150F0065B7C0 /* PBXTargetDependency */,
			);
			name = TDDBasicsTests;
			productName = TDDBasicsTests;
			productReference = 6915A175292F150F0065B7C0 /* TDDBasicsTests.xctest */;
			productType = "com.apple.product-type.bundle.unit-test";
		};
		6915A17E292F150F0065B7C0 /* TDDBasicsUITests */ = {
			isa = PBXNativeTarget;
			buildConfigurationList = 6915A18F292F150F0065B7C0 /* Build configuration list for PBXNativeTarget "TDDBasicsUITests" */;
			buildPhases = (
				6915A17B292F150F0065B7C0 /* Sources */,
				6915A17C292F150F0065B7C0 /* Frameworks */,
				6915A17D292F150F0065B7C0 /* Resources */,
			);
			buildRules = (
			);
			dependencies = (
				6915A181292F150F0065B7C0 /* PBXTargetDependency */,
			);
			name = TDDBasicsUITests;
			productName = TDDBasicsUITests;
			productReference = 6915A17F292F150F0065B7C0 /* TDDBasicsUITests.xctest */;
			productType = "com.apple.product-type.bundle.ui-testing";
		};
/* End PBXNativeTarget section */

/* Begin PBXProject section */
		6915A157292F150E0065B7C0 /* Project object */ = {
			isa = PBXProject;
			attributes = {
				BuildIndependentTargetsInParallel = 1;
				LastSwiftUpdateCheck = 1410;
				LastUpgradeCheck = 1410;
				TargetAttributes = {
					6915A15E292F150E0065B7C0 = {
						CreatedOnToolsVersion = 14.1;
					};
					6915A174292F150F0065B7C0 = {
						CreatedOnToolsVersion = 14.1;
						TestTargetID = 6915A15E292F150E0065B7C0;
					};
					6915A17E292F150F0065B7C0 = {
						CreatedOnToolsVersion = 14.1;
						TestTargetID = 6915A15E292F150E0065B7C0;
					};
				};
			};
			buildConfigurationList = 6915A15A292F150E0065B7C0 /* Build configuration list for PBXProject "TDDBasics" */;
			compatibilityVersion = "Xcode 14.0";
			developmentRegion = en;
			hasScannedForEncodings = 0;
			knownRegions = (
				en,
				Base,
			);
			mainGroup = 6915A156292F150E0065B7C0;
			productRefGroup = 6915A160292F150E0065B7C0 /* Products */;
			projectDirPath = "";
			projectRoot = "";
			targets = (
				6915A15E292F150E0065B7C0 /* TDDBasics */,
				6915A174292F150F0065B7C0 /* TDDBasicsTests */,
				6915A17E292F150F0065B7C0 /* TDDBasicsUITests */,
			);
		};
/* End PBXProject section */

/* Begin PBXResourcesBuildPhase section */
		6915A15D292F150E0065B7C0 /* Resources */ = {
			isa = PBXResourcesBuildPhase;
			buildActionMask = 2147483647;
			files = (
				6915A16F292F150F0065B7C0 /* LaunchScreen.storyboard in Resources */,
				6915A16C292F150F0065B7C0 /* Assets.xcassets in Resources */,
				6915A16A292F150E0065B7C0 /* Main.storyboard in Resources */,
			);
			runOnlyForDeploymentPostprocessing = 0;
		};
		6915A173292F150F0065B7C0 /* Resources */ = {
			isa = PBXResourcesBuildPhase;
			buildActionMask = 2147483647;
			files = (
			);
			runOnlyForDeploymentPostprocessing = 0;
		};
		6915A17D292F150F0065B7C0 /* Resources */ = {
			isa = PBXResourcesBuildPhase;
			buildActionMask = 2147483647;
			files = (
			);
			runOnlyForDeploymentPostprocessing = 0;
		};
/* End PBXResourcesBuildPhase section */

/* Begin PBXSourcesBuildPhase section */
		6915A15B292F150E0065B7C0 /* Sources */ = {
			isa = PBXSourcesBuildPhase;
			buildActionMask = 2147483647;
			files = (
				6915A167292F150E0065B7C0 /* ViewController.swift in Sources */,
				6915A163292F150E0065B7C0 /* AppDelegate.swift in Sources */,
				69F58BA82934A09800E3314D /* ExampleModel.swift in Sources */,
				6915A196292F31480065B7C0 /* Person.swift in Sources */,
				6915A198293064640065B7C0 /* Calculator.swift in Sources */,
				6915A165292F150E0065B7C0 /* SceneDelegate.swift in Sources */,
			);
			runOnlyForDeploymentPostprocessing = 0;
		};
		6915A171292F150F0065B7C0 /* Sources */ = {
			isa = PBXSourcesBuildPhase;
			buildActionMask = 2147483647;
			files = (
				6915A193292F2CF40065B7C0 /* PersonTests.swift in Sources */,
				6915A19A2930647B0065B7C0 /* CalculatorTest.swift in Sources */,
				69F58BA62934831500E3314D /* ExampleModelTest.swift in Sources */,
			);
			runOnlyForDeploymentPostprocessing = 0;
		};
		6915A17B292F150F0065B7C0 /* Sources */ = {
			isa = PBXSourcesBuildPhase;
			buildActionMask = 2147483647;
			files = (
				6915A186292F150F0065B7C0 /* TDDBasicsUITestsLaunchTests.swift in Sources */,
				6915A184292F150F0065B7C0 /* TDDBasicsUITests.swift in Sources */,
			);
			runOnlyForDeploymentPostprocessing = 0;
		};
/* End PBXSourcesBuildPhase section */

/* Begin PBXTargetDependency section */
		6915A177292F150F0065B7C0 /* PBXTargetDependency */ = {
			isa = PBXTargetDependency;
			target = 6915A15E292F150E0065B7C0 /* TDDBasics */;
			targetProxy = 6915A176292F150F0065B7C0 /* PBXContainerItemProxy */;
		};
		6915A181292F150F0065B7C0 /* PBXTargetDependency */ = {
			isa = PBXTargetDependency;
			target = 6915A15E292F150E0065B7C0 /* TDDBasics */;
			targetProxy = 6915A180292F150F0065B7C0 /* PBXContainerItemProxy */;
		};
/* End PBXTargetDependency section */

/* Begin PBXVariantGroup section */
		6915A168292F150E0065B7C0 /* Main.storyboard */ = {
			isa = PBXVariantGroup;
			children = (
				6915A169292F150E0065B7C0 /* Base */,
			);
			name = Main.storyboard;
			sourceTree = "<group>";
		};
		6915A16D292F150F0065B7C0 /* LaunchScreen.storyboard */ = {
			isa = PBXVariantGroup;
			children = (
				6915A16E292F150F0065B7C0 /* Base */,
			);
			name = LaunchScreen.storyboard;
			sourceTree = "<group>";
		};
/* End PBXVariantGroup section */

/* Begin XCBuildConfiguration section */
		6915A187292F150F0065B7C0 /* Debug */ = {
			isa = XCBuildConfiguration;
			buildSettings = {
				ALWAYS_SEARCH_USER_PATHS = NO;
				CLANG_ANALYZER_NONNULL = YES;
				CLANG_ANALYZER_NUMBER_OBJECT_CONVERSION = YES_AGGRESSIVE;
				CLANG_CXX_LANGUAGE_STANDARD = "gnu++20";
				CLANG_ENABLE_MODULES = YES;
				CLANG_ENABLE_OBJC_ARC = YES;
				CLANG_ENABLE_OBJC_WEAK = YES;
				CLANG_WARN_BLOCK_CAPTURE_AUTORELEASING = YES;
				CLANG_WARN_BOOL_CONVERSION = YES;
				CLANG_WARN_COMMA = YES;
				CLANG_WARN_CONSTANT_CONVERSION = YES;
				CLANG_WARN_DEPRECATED_OBJC_IMPLEMENTATIONS = YES;
				CLANG_WARN_DIRECT_OBJC_ISA_USAGE = YES_ERROR;
				CLANG_WARN_DOCUMENTATION_COMMENTS = YES;
				CLANG_WARN_EMPTY_BODY = YES;
				CLANG_WARN_ENUM_CONVERSION = YES;
				CLANG_WARN_INFINITE_RECURSION = YES;
				CLANG_WARN_INT_CONVERSION = YES;
				CLANG_WARN_NON_LITERAL_NULL_CONVERSION = YES;
				CLANG_WARN_OBJC_IMPLICIT_RETAIN_SELF = YES;
				CLANG_WARN_OBJC_LITERAL_CONVERSION = YES;
				CLANG_WARN_OBJC_ROOT_CLASS = YES_ERROR;
				CLANG_WARN_QUOTED_INCLUDE_IN_FRAMEWORK_HEADER = YES;
				CLANG_WARN_RANGE_LOOP_ANALYSIS = YES;
				CLANG_WARN_STRICT_PROTOTYPES = YES;
				CLANG_WARN_SUSPICIOUS_MOVE = YES;
				CLANG_WARN_UNGUARDED_AVAILABILITY = YES_AGGRESSIVE;
				CLANG_WARN_UNREACHABLE_CODE = YES;
				CLANG_WARN__DUPLICATE_METHOD_MATCH = YES;
				COPY_PHASE_STRIP = NO;
				DEBUG_INFORMATION_FORMAT = dwarf;
				ENABLE_STRICT_OBJC_MSGSEND = YES;
				ENABLE_TESTABILITY = YES;
				GCC_C_LANGUAGE_STANDARD = gnu11;
				GCC_DYNAMIC_NO_PIC = NO;
				GCC_NO_COMMON_BLOCKS = YES;
				GCC_OPTIMIZATION_LEVEL = 0;
				GCC_PREPROCESSOR_DEFINITIONS = (
					"DEBUG=1",
					"$(inherited)",
				);
				GCC_WARN_64_TO_32_BIT_CONVERSION = YES;
				GCC_WARN_ABOUT_RETURN_TYPE = YES_ERROR;
				GCC_WARN_UNDECLARED_SELECTOR = YES;
				GCC_WARN_UNINITIALIZED_AUTOS = YES_AGGRESSIVE;
				GCC_WARN_UNUSED_FUNCTION = YES;
				GCC_WARN_UNUSED_VARIABLE = YES;
				IPHONEOS_DEPLOYMENT_TARGET = 16.1;
				MTL_ENABLE_DEBUG_INFO = INCLUDE_SOURCE;
				MTL_FAST_MATH = YES;
				ONLY_ACTIVE_ARCH = YES;
				SDKROOT = iphoneos;
				SWIFT_ACTIVE_COMPILATION_CONDITIONS = DEBUG;
				SWIFT_OPTIMIZATION_LEVEL = "-Onone";
			};
			name = Debug;
		};
		6915A188292F150F0065B7C0 /* Release */ = {
			isa = XCBuildConfiguration;
			buildSettings = {
				ALWAYS_SEARCH_USER_PATHS = NO;
				CLANG_ANALYZER_NONNULL = YES;
				CLANG_ANALYZER_NUMBER_OBJECT_CONVERSION = YES_AGGRESSIVE;
				CLANG_CXX_LANGUAGE_STANDARD = "gnu++20";
				CLANG_ENABLE_MODULES = YES;
				CLANG_ENABLE_OBJC_ARC = YES;
				CLANG_ENABLE_OBJC_WEAK = YES;
				CLANG_WARN_BLOCK_CAPTURE_AUTORELEASING = YES;
				CLANG_WARN_BOOL_CONVERSION = YES;
				CLANG_WARN_COMMA = YES;
				CLANG_WARN_CONSTANT_CONVERSION = YES;
				CLANG_WARN_DEPRECATED_OBJC_IMPLEMENTATIONS = YES;
				CLANG_WARN_DIRECT_OBJC_ISA_USAGE = YES_ERROR;
				CLANG_WARN_DOCUMENTATION_COMMENTS = YES;
				CLANG_WARN_EMPTY_BODY = YES;
				CLANG_WARN_ENUM_CONVERSION = YES;
				CLANG_WARN_INFINITE_RECURSION = YES;
				CLANG_WARN_INT_CONVERSION = YES;
				CLANG_WARN_NON_LITERAL_NULL_CONVERSION = YES;
				CLANG_WARN_OBJC_IMPLICIT_RETAIN_SELF = YES;
				CLANG_WARN_OBJC_LITERAL_CONVERSION = YES;
				CLANG_WARN_OBJC_ROOT_CLASS = YES_ERROR;
				CLANG_WARN_QUOTED_INCLUDE_IN_FRAMEWORK_HEADER = YES;
				CLANG_WARN_RANGE_LOOP_ANALYSIS = YES;
				CLANG_WARN_STRICT_PROTOTYPES = YES;
				CLANG_WARN_SUSPICIOUS_MOVE = YES;
				CLANG_WARN_UNGUARDED_AVAILABILITY = YES_AGGRESSIVE;
				CLANG_WARN_UNREACHABLE_CODE = YES;
				CLANG_WARN__DUPLICATE_METHOD_MATCH = YES;
				COPY_PHASE_STRIP = NO;
				DEBUG_INFORMATION_FORMAT = "dwarf-with-dsym";
				ENABLE_NS_ASSERTIONS = NO;
				ENABLE_STRICT_OBJC_MSGSEND = YES;
				GCC_C_LANGUAGE_STANDARD = gnu11;
				GCC_NO_COMMON_BLOCKS = YES;
				GCC_WARN_64_TO_32_BIT_CONVERSION = YES;
				GCC_WARN_ABOUT_RETURN_TYPE = YES_ERROR;
				GCC_WARN_UNDECLARED_SELECTOR = YES;
				GCC_WARN_UNINITIALIZED_AUTOS = YES_AGGRESSIVE;
				GCC_WARN_UNUSED_FUNCTION = YES;
				GCC_WARN_UNUSED_VARIABLE = YES;
				IPHONEOS_DEPLOYMENT_TARGET = 16.1;
				MTL_ENABLE_DEBUG_INFO = NO;
				MTL_FAST_MATH = YES;
				SDKROOT = iphoneos;
				SWIFT_COMPILATION_MODE = wholemodule;
				SWIFT_OPTIMIZATION_LEVEL = "-O";
				VALIDATE_PRODUCT = YES;
			};
			name = Release;
		};
		6915A18A292F150F0065B7C0 /* Debug */ = {
			isa = XCBuildConfiguration;
			buildSettings = {
				ASSETCATALOG_COMPILER_APPICON_NAME = AppIcon;
				ASSETCATALOG_COMPILER_GLOBAL_ACCENT_COLOR_NAME = AccentColor;
				CODE_SIGN_STYLE = Automatic;
				CURRENT_PROJECT_VERSION = 1;
				DEVELOPMENT_TEAM = 95M58F3MNB;
				GENERATE_INFOPLIST_FILE = YES;
				INFOPLIST_FILE = TDDBasics/Info.plist;
				INFOPLIST_KEY_UIApplicationSupportsIndirectInputEvents = YES;
				INFOPLIST_KEY_UILaunchStoryboardName = LaunchScreen;
				INFOPLIST_KEY_UIMainStoryboardFile = Main;
				INFOPLIST_KEY_UISupportedInterfaceOrientations_iPad = "UIInterfaceOrientationPortrait UIInterfaceOrientationPortraitUpsideDown UIInterfaceOrientationLandscapeLeft UIInterfaceOrientationLandscapeRight";
				INFOPLIST_KEY_UISupportedInterfaceOrientations_iPhone = "UIInterfaceOrientationPortrait UIInterfaceOrientationLandscapeLeft UIInterfaceOrientationLandscapeRight";
				IPHONEOS_DEPLOYMENT_TARGET = 15.0;
				LD_RUNPATH_SEARCH_PATHS = (
					"$(inherited)",
					"@executable_path/Frameworks",
				);
				MARKETING_VERSION = 1.0;
				PRODUCT_BUNDLE_IDENTIFIER = com.nuttaponbuaban.TDDBasics;
				PRODUCT_NAME = "$(TARGET_NAME)";
				SWIFT_EMIT_LOC_STRINGS = YES;
				SWIFT_VERSION = 5.0;
				TARGETED_DEVICE_FAMILY = "1,2";
			};
			name = Debug;
		};
		6915A18B292F150F0065B7C0 /* Release */ = {
			isa = XCBuildConfiguration;
			buildSettings = {
				ASSETCATALOG_COMPILER_APPICON_NAME = AppIcon;
				ASSETCATALOG_COMPILER_GLOBAL_ACCENT_COLOR_NAME = AccentColor;
				CODE_SIGN_STYLE = Automatic;
				CURRENT_PROJECT_VERSION = 1;
				DEVELOPMENT_TEAM = 95M58F3MNB;
				GENERATE_INFOPLIST_FILE = YES;
				INFOPLIST_FILE = TDDBasics/Info.plist;
				INFOPLIST_KEY_UIApplicationSupportsIndirectInputEvents = YES;
				INFOPLIST_KEY_UILaunchStoryboardName = LaunchScreen;
				INFOPLIST_KEY_UIMainStoryboardFile = Main;
				INFOPLIST_KEY_UISupportedInterfaceOrientations_iPad = "UIInterfaceOrientationPortrait UIInterfaceOrientationPortraitUpsideDown UIInterfaceOrientationLandscapeLeft UIInterfaceOrientationLandscapeRight";
				INFOPLIST_KEY_UISupportedInterfaceOrientations_iPhone = "UIInterfaceOrientationPortrait UIInterfaceOrientationLandscapeLeft UIInterfaceOrientationLandscapeRight";
				IPHONEOS_DEPLOYMENT_TARGET = 15.0;
				LD_RUNPATH_SEARCH_PATHS = (
					"$(inherited)",
					"@executable_path/Frameworks",
				);
				MARKETING_VERSION = 1.0;
				PRODUCT_BUNDLE_IDENTIFIER = com.nuttaponbuaban.TDDBasics;
				PRODUCT_NAME = "$(TARGET_NAME)";
				SWIFT_EMIT_LOC_STRINGS = YES;
				SWIFT_VERSION = 5.0;
				TARGETED_DEVICE_FAMILY = "1,2";
			};
			name = Release;
		};
		6915A18D292F150F0065B7C0 /* Debug */ = {
			isa = XCBuildConfiguration;
			buildSettings = {
				ALWAYS_EMBED_SWIFT_STANDARD_LIBRARIES = YES;
				BUNDLE_LOADER = "$(TEST_HOST)";
				CODE_SIGN_STYLE = Automatic;
				CURRENT_PROJECT_VERSION = 1;
				DEVELOPMENT_TEAM = 95M58F3MNB;
				GENERATE_INFOPLIST_FILE = YES;
				IPHONEOS_DEPLOYMENT_TARGET = 16.1;
				MARKETING_VERSION = 1.0;
				PRODUCT_BUNDLE_IDENTIFIER = com.nuttaponbuaban.TDDBasicsTests;
				PRODUCT_NAME = "$(TARGET_NAME)";
				SWIFT_EMIT_LOC_STRINGS = NO;
				SWIFT_VERSION = 5.0;
				TARGETED_DEVICE_FAMILY = "1,2";
				TEST_HOST = "$(BUILT_PRODUCTS_DIR)/TDDBasics.app/$(BUNDLE_EXECUTABLE_FOLDER_PATH)/TDDBasics";
			};
			name = Debug;
		};
		6915A18E292F150F0065B7C0 /* Release */ = {
			isa = XCBuildConfiguration;
			buildSettings = {
				ALWAYS_EMBED_SWIFT_STANDARD_LIBRARIES = YES;
				BUNDLE_LOADER = "$(TEST_HOST)";
				CODE_SIGN_STYLE = Automatic;
				CURRENT_PROJECT_VERSION = 1;
				DEVELOPMENT_TEAM = 95M58F3MNB;
				GENERATE_INFOPLIST_FILE = YES;
				IPHONEOS_DEPLOYMENT_TARGET = 16.1;
				MARKETING_VERSION = 1.0;
				PRODUCT_BUNDLE_IDENTIFIER = com.nuttaponbuaban.TDDBasicsTests;
				PRODUCT_NAME = "$(TARGET_NAME)";
				SWIFT_EMIT_LOC_STRINGS = NO;
				SWIFT_VERSION = 5.0;
				TARGETED_DEVICE_FAMILY = "1,2";
				TEST_HOST = "$(BUILT_PRODUCTS_DIR)/TDDBasics.app/$(BUNDLE_EXECUTABLE_FOLDER_PATH)/TDDBasics";
			};
			name = Release;
		};
		6915A190292F150F0065B7C0 /* Debug */ = {
			isa = XCBuildConfiguration;
			buildSettings = {
				ALWAYS_EMBED_SWIFT_STANDARD_LIBRARIES = YES;
				CODE_SIGN_STYLE = Automatic;
				CURRENT_PROJECT_VERSION = 1;
				DEVELOPMENT_TEAM = 95M58F3MNB;
				GENERATE_INFOPLIST_FILE = YES;
				MARKETING_VERSION = 1.0;
				PRODUCT_BUNDLE_IDENTIFIER = com.nuttaponbuaban.TDDBasicsUITests;
				PRODUCT_NAME = "$(TARGET_NAME)";
				SWIFT_EMIT_LOC_STRINGS = NO;
				SWIFT_VERSION = 5.0;
				TARGETED_DEVICE_FAMILY = "1,2";
				TEST_TARGET_NAME = TDDBasics;
			};
			name = Debug;
		};
		6915A191292F150F0065B7C0 /* Release */ = {
			isa = XCBuildConfiguration;
			buildSettings = {
				ALWAYS_EMBED_SWIFT_STANDARD_LIBRARIES = YES;
				CODE_SIGN_STYLE = Automatic;
				CURRENT_PROJECT_VERSION = 1;
				DEVELOPMENT_TEAM = 95M58F3MNB;
				GENERATE_INFOPLIST_FILE = YES;
				MARKETING_VERSION = 1.0;
				PRODUCT_BUNDLE_IDENTIFIER = com.nuttaponbuaban.TDDBasicsUITests;
				PRODUCT_NAME = "$(TARGET_NAME)";
				SWIFT_EMIT_LOC_STRINGS = NO;
				SWIFT_VERSION = 5.0;
				TARGETED_DEVICE_FAMILY = "1,2";
				TEST_TARGET_NAME = TDDBasics;
			};
			name = Release;
		};
/* End XCBuildConfiguration section */

/* Begin XCConfigurationList section */
		6915A15A292F150E0065B7C0 /* Build configuration list for PBXProject "TDDBasics" */ = {
			isa = XCConfigurationList;
			buildConfigurations = (
				6915A187292F150F0065B7C0 /* Debug */,
				6915A188292F150F0065B7C0 /* Release */,
			);
			defaultConfigurationIsVisible = 0;
			defaultConfigurationName = Release;
		};
		6915A189292F150F0065B7C0 /* Build configuration list for PBXNativeTarget "TDDBasics" */ = {
			isa = XCConfigurationList;
			buildConfigurations = (
				6915A18A292F150F0065B7C0 /* Debug */,
				6915A18B292F150F0065B7C0 /* Release */,
			);
			defaultConfigurationIsVisible = 0;
			defaultConfigurationName = Release;
		};
		6915A18C292F150F0065B7C0 /* Build configuration list for PBXNativeTarget "TDDBasicsTests" */ = {
			isa = XCConfigurationList;
			buildConfigurations = (
				6915A18D292F150F0065B7C0 /* Debug */,
				6915A18E292F150F0065B7C0 /* Release */,
			);
			defaultConfigurationIsVisible = 0;
			defaultConfigurationName = Release;
		};
		6915A18F292F150F0065B7C0 /* Build configuration list for PBXNativeTarget "TDDBasicsUITests" */ = {
			isa = XCConfigurationList;
			buildConfigurations = (
				6915A190292F150F0065B7C0 /* Debug */,
				6915A191292F150F0065B7C0 /* Release */,
			);
			defaultConfigurationIsVisible = 0;
			defaultConfigurationName = Release;
		};
/* End XCConfigurationList section */
	};
	rootObject = 6915A157292F150E0065B7C0 /* Project object */;
}
